
Microsoft Visual Studio Solution File, Format Version 12.00
# Visual Studio Version 17
VisualStudioVersion = 17.11.35327.3
MinimumVisualStudioVersion = 10.0.40219.1
Project("{9A19103F-16F7-4668-BE54-9A1E7A4F7556}") = "Model", "Model\Model.csproj", "{CC28CD42-278E-426E-B8AB-971508C69891}"
EndProject
Project("{9A19103F-16F7-4668-BE54-9A1E7A4F7556}") = "API", "API\API.csproj", "{478265B7-7A96-445C-9505-EEA7A51CD966}"
EndProject
Project("{9A19103F-16F7-4668-BE54-9A1E7A4F7556}") = "BlazorApp1", "D:\mano\final_year_project\BlazorApp1\BlazorApp1.csproj", "{DAFE89A9-A676-4634-8987-88FA2B7A8C48}"
EndProject
Global
	GlobalSection(SolutionConfigurationPlatforms) = preSolution
		Debug|Any CPU = Debug|Any CPU
		Release|Any CPU = Release|Any CPU
	EndGlobalSection
	GlobalSection(ProjectConfigurationPlatforms) = postSolution
		{CC28CD42-278E-426E-B8AB-971508C69891}.Debug|Any CPU.ActiveCfg = Debug|Any CPU
		{CC28CD42-278E-426E-B8AB-971508C69891}.Debug|Any CPU.Build.0 = Debug|Any CPU
		{CC28CD42-278E-426E-B8AB-971508C69891}.Release|Any CPU.ActiveCfg = Release|Any CPU
		{CC28CD42-278E-426E-B8AB-971508C69891}.Release|Any CPU.Build.0 = Release|Any CPU
		{478265B7-7A96-445C-9505-EEA7A51CD966}.Debug|Any CPU.ActiveCfg = Debug|Any CPU
		{478265B7-7A96-445C-9505-EEA7A51CD966}.Debug|Any CPU.Build.0 = Debug|Any CPU
		{478265B7-7A96-445C-9505-EEA7A51CD966}.Release|Any CPU.ActiveCfg = Release|Any CPU
		{478265B7-7A96-445C-9505-EEA7A51CD966}.Release|Any CPU.Build.0 = Release|Any CPU
		{DAFE89A9-A676-4634-8987-88FA2B7A8C48}.Debug|Any CPU.ActiveCfg = Debug|Any CPU
		{DAFE89A9-A676-4634-8987-88FA2B7A8C48}.Debug|Any CPU.Build.0 = Debug|Any CPU
		{DAFE89A9-A676-4634-8987-88FA2B7A8C48}.Release|Any CPU.ActiveCfg = Release|Any CPU
		{DAFE89A9-A676-4634-8987-88FA2B7A8C48}.Release|Any CPU.Build.0 = Release|Any CPU
	EndGlobalSection
	GlobalSection(SolutionProperties) = preSolution
		HideSolutionNode = FALSE
	EndGlobalSection
	GlobalSection(ExtensibilityGlobals) = postSolution
		SolutionGuid = {75C76E1D-332F-4ACF-B120-439FD1250A88}
	EndGlobalSection
EndGlobal
